version = 1
revision = 3
requires-python = "==3.11.6"

[[package]]
name = "lxml"
version = "6.1.1"
source = { registry = "https://pypi.org/simple" }
sdist = { url = "https://files.pythonhosted.org/packages/05/3b/aab6728cae887456f409b4d75e8a01856e4f04bd510de38052a47768b680/lxml-6.1.1.tar.gz", hash = "sha256:ba96ae44888e0185281e937633a743ea90d5a196c6000f82565ebb0580012d40", size = 4197430, upload-time = "2026-05-18T19:19:06.424Z" }
wheels = [
    { url = "https://files.pythonhosted.org/packages/62/b0/83f481780d1548750b8ce2ec824073deef2f452d9cd1a6faff8507e3d16d/lxml-6.1.1-cp311-cp311-macosx_10_9_universal2.whl", hash = "sha256:53b7d2b7a10b1c35c0a5e21e9224accf60c1bbfba523990732e521b2b73adef2", size = 8526461, upload-time = "2026-05-18T19:17:25.862Z" },
    { url = "https://files.pythonhosted.org/packages/b9/d5/30fa0f808002c7329397bfbb24e306789c0b29f04aa5842c07b174b4216f/lxml-6.1.1-cp311-cp311-macosx_10_9_x86_64.whl", hash = "sha256:ff3f333630ab480244a1bff72043e511a91eb22e7595dead8653ee5612dd8f3d", size = 4595375, upload-time = "2026-05-18T19:17:34.555Z" },
    { url = "https://files.pythonhosted.org/packages/4f/d2/edb71cf0e561581a7c5eb2626244320eb04e9f8ce6d563184fd668b45073/lxml-6.1.1-cp311-cp311-manylinux2014_aarch64.manylinux_2_17_aarch64.whl", hash = "sha256:a4bbea04c97f6d78a48e3fbc1cb9116d2780b1b39e03a23f6eb9b603fd61f510", size = 4923654, upload-time = "2026-05-18T19:17:42.917Z" },
    { url = "https://files.pythonhosted.org/packages/4c/77/1bc7eeb0de4577d783fb625aa092cc9357883bba35845a3666bf1259f3dc/lxml-6.1.1-cp311-cp311-manylinux2014_x86_64.manylinux_2_17_x86_64.whl", hash = "sha256:db1d75f6617a49c1c01bc7023713e0ff59ab32c9579ae62a7674c0e34f3b0b0a", size = 5067921, upload-time = "2026-05-18T19:17:49.175Z" },
    { url = "https://files.pythonhosted.org/packages/1b/3c/c0690d74bd2bc17bc03b5b0d093569ead597dd0bfa088bf99eef8c24e19c/lxml-6.1.1-cp311-cp311-manylinux_2_26_aarch64.manylinux_2_28_aarch64.whl", hash = "sha256:3a12689be69a28ddaa0ab99a5a1137da2afd5f8f16df7b5680b66f616d3eda1d", size = 5002456, upload-time = "2026-05-18T19:17:59.715Z" },
    { url = "https://files.pythonhosted.org/packages/66/8d/d1b3271af0c0f1e27e8472a849e4d2c65bc7766884b9ad2da9e76e145c88/lxml-6.1.1-cp311-cp311-manylinux_2_26_x86_64.manylinux_2_28_x86_64.whl", hash = "sha256:18b73c339ae29b90fd2d06e58ebd555a751bde9cd6bbd36cc0281b9a2c94e9d8", size = 5202776, upload-time = "2026-05-18T19:18:08.924Z" },
    { url = "https://files.pythonhosted.org/packages/7a/45/689824ffb237fd10125ad273f32b28ff04dc6203c2822c85ff65a93df65e/lxml-6.1.1-cp311-cp311-manylinux_2_28_i686.whl", hash = "sha256:752d3bbfe874715ccd0aec7f88d7fc623c0f1fd7aa7b3238a084e017bad2a009", size = 5329945, upload-time = "2026-05-18T19:18:13.673Z" },
    { url = "https://files.pythonhosted.org/packages/5d/c0/ef73af53767e958fd87d437c170f272e2f6e6c0f854939f133a895f1e711/lxml-6.1.1-cp311-cp311-manylinux_2_31_armv7l.whl", hash = "sha256:6b1761fbf9ec984e2e9d9c589ef5f5fd684b7c19f92aadd567a26c5224958db6", size = 4659237, upload-time = "2026-05-18T19:18:18.657Z" },
    { url = "https://files.pythonhosted.org/packages/a0/5e/e1158e40397585e91cb0472374a1f63d0926a1ddeaa92f13d1a1ffe306d5/lxml-6.1.1-cp311-cp311-manylinux_2_38_riscv64.manylinux_2_39_riscv64.whl", hash = "sha256:d680fbcb768404c601ecb43519ecd8461f6954cb11c06a78962f666832ccfca8", size = 5265904, upload-time = "2026-05-18T19:18:24.883Z" },
    { url = "https://files.pythonhosted.org/packages/a0/16/8687e5d1400ed1c0bc41dace232ebb7553952b618ea1f2e5fb6e2cfbbe23/lxml-6.1.1-cp311-cp311-musllinux_1_2_aarch64.whl", hash = "sha256:162af1091cd785f2f27e62d3547ae9bc58ec5c86dd314d67021fd02463708d83", size = 5045225, upload-time = "2026-05-18T19:17:20.073Z" },
    { url = "https://files.pythonhosted.org/packages/ca/18/d877bd1ae2e5ffdfd4836565aba350db31feb2f2656d6ce70316ed66a05e/lxml-6.1.1-cp311-cp311-musllinux_1_2_armv7l.whl", hash = "sha256:e9308ff8241c532df3f3e570f9a5aeed6c853f888512ba4b75638d7c11c95ef6", size = 4712721, upload-time = "2026-05-18T19:17:40.512Z" },
    { url = "https://files.pythonhosted.org/packages/44/4d/1f44fd1d770b10dacbf6b5c6e520f4d6e0708744930f719dc04e67cab981/lxml-6.1.1-cp311-cp311-musllinux_1_2_riscv64.whl", hash = "sha256:5f6994074ebae6ffb04447268e37dc16edc304f9859cf91acb86e0af6c1b395c", size = 5252549, upload-time = "2026-05-18T19:17:51.236Z" },
    { url = "https://files.pythonhosted.org/packages/64/5d/1d66b84f850089254c230ef6ea6b267a5a54e2e179a5d960036a05d501d7/lxml-6.1.1-cp311-cp311-musllinux_1_2_x86_64.whl", hash = "sha256:80c2dfadb855da477cf73373ad29a333535dedb9b12bad02c9814c8e2b43bf08", size = 5226877, upload-time = "2026-05-18T19:18:00.875Z" },
    { url = "https://files.pythonhosted.org/packages/ad/00/84c4b5302d42a2d0184f38d538c8a197f33b52a50bd4f7bcfe990bce3036/lxml-6.1.1-cp311-cp311-win32.whl", hash = "sha256:30a89d3ac8faec007453fb541f3f46807eeec88edd5826f6e3fe001752a2c621", size = 3594072, upload-time = "2026-05-18T19:17:12.714Z" },
    { url = "https://files.pythonhosted.org/packages/61/9d/2e2f7d876349f45e0f3e29f72da311668853d59b58d473a2dea4f0160135/lxml-6.1.1-cp311-cp311-win_amd64.whl", hash = "sha256:abbefa31eee84842140f67acef1c828e28bba8bbf0c3bc6e5492a9af88152c28", size = 4025469, upload-time = "2026-05-18T19:17:50.566Z" },
    { url = "https://files.pythonhosted.org/packages/b0/d5/570e6390e4110331e6208b2ba83d1482cc9146808ee118b22824a34c1070/lxml-6.1.1-cp311-cp311-win_arm64.whl", hash = "sha256:dcb292aa7fe485ceff7af4f92e46c5af397daec5dff64871a528f0fc47a3cc5b", size = 3667640, upload-time = "2026-05-19T19:22:48.293Z" },
    { url = "https://files.pythonhosted.org/packages/b5/32/86a3f0f724a3a402d4627937a7fc27b160e45e7012b4adf47f6e1e844511/lxml-6.1.1-pp311-pypy311_pp73-macosx_10_15_x86_64.whl", hash = "sha256:31033dc34636ea6b7d5cc11b1ddbda78a14de858ba9d3e1ed4b69a3085bc521e", size = 3930127, upload-time = "2026-05-18T19:19:02.27Z" },
    { url = "https://files.pythonhosted.org/packages/40/44/d832e82af08723761556d004b1d04d281c09f9a8cecd7d3148548c9941a3/lxml-6.1.1-pp311-pypy311_pp73-manylinux2014_aarch64.manylinux_2_17_aarch64.whl", hash = "sha256:3893c14c4b6ac5b2d54ba8cf03e99fe5104e592de491f19bd6b82756c09f8004", size = 4210769, upload-time = "2026-05-18T19:20:41.427Z" },
    { url = "https://files.pythonhosted.org/packages/6d/39/0dc5949f759ed7d951e0bb8c2f2d9d7aca1908d22352fa84a8afd2ea54af/lxml-6.1.1-pp311-pypy311_pp73-manylinux2014_x86_64.manylinux_2_17_x86_64.whl", hash = "sha256:c07da4cebf6889f03ebac8d238f62318e29f495de0aa18a51ea14e61ae907e2e", size = 4318163, upload-time = "2026-05-18T19:20:44.702Z" },
    { url = "https://files.pythonhosted.org/packages/e6/fb/8ab3845fe046ba4cbf74536bcf6801a774b7caf4350de1c5d37f1f0a9e90/lxml-6.1.1-pp311-pypy311_pp73-manylinux_2_26_aarch64.manylinux_2_28_aarch64.whl", hash = "sha256:f6f0ce10945fab9c4c06ce14e22af9059d1a87493a9af4501a5b0b9187e21cf2", size = 4250945, upload-time = "2026-05-18T19:20:47.385Z" },
    { url = "https://files.pythonhosted.org/packages/68/1b/7553ab136894374ffae8851ec06f98f511cd8e66246e41b6be059d0a7289/lxml-6.1.1-pp311-pypy311_pp73-manylinux_2_26_x86_64.manylinux_2_28_x86_64.whl", hash = "sha256:f8844cd288697c6425c9beba919302241e3278871dc6519515e72b04e987abcf", size = 4401664, upload-time = "2026-05-18T19:20:50.489Z" },
    { url = "https://files.pythonhosted.org/packages/db/a4/441aee36c6f6b249823d20fd91f9be9ab89d7c5a8ae542a4a4ca6d342d56/lxml-6.1.1-pp311-pypy311_pp73-win_amd64.whl", hash = "sha256:ed21202aec73cda4d55d1ce57b389aadb90ffb044e6cd1080b8347efe1b1ec84", size = 3508989, upload-time = "2026-05-18T19:18:38.158Z" },
]

[[package]]
name = "pyang"
version = "2.4.0"
source = { registry = "https://pypi.org/simple" }
dependencies = [
    { name = "lxml" },
]
sdist = { url = "https://files.pythonhosted.org/packages/73/8c/eb0bccabf9b3cc3fc9bafa28b7b9485985badc33eb41345d5f8037302eed/pyang-2.4.0.tar.gz", hash = "sha256:3f47fa00cec26630cc6c0f313f3f835f90dbced00c735bec2beb5a49d3217b69", size = 489553, upload-time = "2020-11-09T15:27:14.43Z" }
wheels = [
    { url = "https://files.pythonhosted.org/packages/12/22/16c98564086f4f5901b7e8d886ad928ce6eceb577b3504edc333762df92f/pyang-2.4.0-py2.py3-none-any.whl", hash = "sha256:d3f2248a8cc204389ffa2e727349c4f6c91fcb2d58d0ea5fd36144e17b47dd6c", size = 591169, upload-time = "2020-11-09T15:27:11.086Z" },
]

[[package]]
name = "pyang-runner"
version = "0.0.1"
source = { virtual = "." }
dependencies = [
    { name = "pyang" },
]

[package.metadata]
requires-dist = [{ name = "pyang", specifier = "==2.4.0" }]
